Microsoft Visual Studio Solution File, Format Version 11.00
# Visual Studio 2008

Project("{5EAC4697-1FA2-86C0-C3D1-16747D63D70C}") = "HoiKhon", "Assembly-CSharp.csproj", "{7703C110-6C5E-166D-5CA3-DBDF1A6273F6}"
EndProject
Project("{5EAC4697-1FA2-86C0-C3D1-16747D63D70C}") = "HoiKhon", "Assembly-CSharp-Editor.csproj", "{379C3D54-DFEE-300A-7EA0-C62F58513502}"
EndProject
Global
	GlobalSection(SolutionConfigurationPlatforms) = preSolution
		Debug|Any CPU = Debug|Any CPU
		Release|Any CPU = Release|Any CPU
	EndGlobalSection
	GlobalSection(ProjectConfigurationPlatforms) = postSolution
		{7703C110-6C5E-166D-5CA3-DBDF1A6273F6}.Debug|Any CPU.ActiveCfg = Debug|Any CPU
		{7703C110-6C5E-166D-5CA3-DBDF1A6273F6}.Debug|Any CPU.Build.0 = Debug|Any CPU
		{7703C110-6C5E-166D-5CA3-DBDF1A6273F6}.Release|Any CPU.ActiveCfg = Release|Any CPU
		{7703C110-6C5E-166D-5CA3-DBDF1A6273F6}.Release|Any CPU.Build.0 = Release|Any CPU
		{379C3D54-DFEE-300A-7EA0-C62F58513502}.Debug|Any CPU.ActiveCfg = Debug|Any CPU
		{379C3D54-DFEE-300A-7EA0-C62F58513502}.Debug|Any CPU.Build.0 = Debug|Any CPU
		{379C3D54-DFEE-300A-7EA0-C62F58513502}.Release|Any CPU.ActiveCfg = Release|Any CPU
		{379C3D54-DFEE-300A-7EA0-C62F58513502}.Release|Any CPU.Build.0 = Release|Any CPU
	EndGlobalSection
	GlobalSection(SolutionProperties) = preSolution
		HideSolutionNode = FALSE
	EndGlobalSection
	GlobalSection(MonoDevelopProperties) = preSolution
		StartupItem = Assembly-CSharp.csproj
	EndGlobalSection
EndGlobal
